// !$*UTF8*$!
{
	archiveVersion = 1;
	classes = {
	};
	objectVersion = 77;
	objects = {

/* Begin PBXBuildFile section */
		B2000001 /* VarFontStudioApp.swift in Sources */ = {isa = PBXBuildFile; fileRef = F2000001 /* VarFontStudioApp.swift */; };
		B2000002 /* EditorViewModel.swift in Sources */ = {isa = PBXBuildFile; fileRef = F2000002 /* EditorViewModel.swift */; };
		B2000003 /* MainEditorView.swift in Sources */ = {isa = PBXBuildFile; fileRef = F2000003 /* MainEditorView.swift */; };
		B2000005 /* AxisTreePanel.swift in Sources */ = {isa = PBXBuildFile; fileRef = F2000005 /* AxisTreePanel.swift */; };
		B2000013 /* OpenProject.swift in Sources */ = {isa = PBXBuildFile; fileRef = F2000012 /* OpenProject.swift */; };
		B2000014 /* ProjectToolbar.swift in Sources */ = {isa = PBXBuildFile; fileRef = F2000013 /* ProjectToolbar.swift */; };
		B2000015 /* ProjectDropdownMenu.swift in Sources */ = {isa = PBXBuildFile; fileRef = F2000014 /* ProjectDropdownMenu.swift */; };
		B2000016 /* ProjectFileSubBar.swift in Sources */ = {isa = PBXBuildFile; fileRef = F2000015 /* ProjectFileSubBar.swift */; };
		B2000017 /* ProjectPickerSheet.swift in Sources */ = {isa = PBXBuildFile; fileRef = F2000016 /* ProjectPickerSheet.swift */; };
		B2000018 /* WorkspaceDropOverlay.swift in Sources */ = {isa = PBXBuildFile; fileRef = F2000017 /* WorkspaceDropOverlay.swift */; };
		B2000006 /* InstanceListPanel.swift in Sources */ = {isa = PBXBuildFile; fileRef = F2000006 /* InstanceListPanel.swift */; };
		B2000007 /* InspectorPanel.swift in Sources */ = {isa = PBXBuildFile; fileRef = F2000007 /* InspectorPanel.swift */; };
		B2000008 /* Assets.xcassets in Resources */ = {isa = PBXBuildFile; fileRef = F2000008 /* Assets.xcassets */; };
		B2000009 /* VarFontCore in Frameworks */ = {isa = PBXBuildFile; productRef = P2000001 /* VarFontCore */; };
		B2000010 /* StudioDesign.swift in Sources */ = {isa = PBXBuildFile; fileRef = F2000009 /* StudioDesign.swift */; };
		B2000011 /* InstanceInclusionCommands.swift in Sources */ = {isa = PBXBuildFile; fileRef = F2000010 /* InstanceInclusionCommands.swift */; };
		B2000012 /* NamingOrderChainFooter.swift in Sources */ = {isa = PBXBuildFile; fileRef = F2000011 /* NamingOrderChainFooter.swift */; };
		B2000019 /* EditorLayoutPreferences.swift in Sources */ = {isa = PBXBuildFile; fileRef = F2000018 /* EditorLayoutPreferences.swift */; };
		B2000020 /* StudioPanelSplitView.swift in Sources */ = {isa = PBXBuildFile; fileRef = F2000019 /* StudioPanelSplitView.swift */; };
/* End PBXBuildFile section */

/* Begin PBXFileReference section */
		E2000001 /* VarFontStudio.app */ = {isa = PBXFileReference; explicitFileType = wrapper.application; includeInIndex = 0; path = VarFontStudio.app; sourceTree = BUILT_PRODUCTS_DIR; };
		F2000001 /* VarFontStudioApp.swift */ = {isa = PBXFileReference; lastKnownFileType = sourcecode.swift; path = VarFontStudioApp.swift; sourceTree = "<group>"; };
		F2000002 /* EditorViewModel.swift */ = {isa = PBXFileReference; lastKnownFileType = sourcecode.swift; path = EditorViewModel.swift; sourceTree = "<group>"; };
		F2000003 /* MainEditorView.swift */ = {isa = PBXFileReference; lastKnownFileType = sourcecode.swift; path = MainEditorView.swift; sourceTree = "<group>"; };
		F2000005 /* AxisTreePanel.swift */ = {isa = PBXFileReference; lastKnownFileType = sourcecode.swift; path = AxisTreePanel.swift; sourceTree = "<group>"; };
		F2000012 /* OpenProject.swift */ = {isa = PBXFileReference; lastKnownFileType = sourcecode.swift; path = OpenProject.swift; sourceTree = "<group>"; };
		F2000013 /* ProjectToolbar.swift */ = {isa = PBXFileReference; lastKnownFileType = sourcecode.swift; path = ProjectToolbar.swift; sourceTree = "<group>"; };
		F2000014 /* ProjectDropdownMenu.swift */ = {isa = PBXFileReference; lastKnownFileType = sourcecode.swift; path = ProjectDropdownMenu.swift; sourceTree = "<group>"; };
		F2000015 /* ProjectFileSubBar.swift */ = {isa = PBXFileReference; lastKnownFileType = sourcecode.swift; path = ProjectFileSubBar.swift; sourceTree = "<group>"; };
		F2000016 /* ProjectPickerSheet.swift */ = {isa = PBXFileReference; lastKnownFileType = sourcecode.swift; path = ProjectPickerSheet.swift; sourceTree = "<group>"; };
		F2000017 /* WorkspaceDropOverlay.swift */ = {isa = PBXFileReference; lastKnownFileType = sourcecode.swift; path = WorkspaceDropOverlay.swift; sourceTree = "<group>"; };
		F2000006 /* InstanceListPanel.swift */ = {isa = PBXFileReference; lastKnownFileType = sourcecode.swift; path = InstanceListPanel.swift; sourceTree = "<group>"; };
		F2000007 /* InspectorPanel.swift */ = {isa = PBXFileReference; lastKnownFileType = sourcecode.swift; path = InspectorPanel.swift; sourceTree = "<group>"; };
		F2000008 /* Assets.xcassets */ = {isa = PBXFileReference; lastKnownFileType = folder.assetcatalog; path = Assets.xcassets; sourceTree = "<group>"; };
		F2000009 /* StudioDesign.swift */ = {isa = PBXFileReference; lastKnownFileType = sourcecode.swift; path = StudioDesign.swift; sourceTree = "<group>"; };
		F2000010 /* InstanceInclusionCommands.swift */ = {isa = PBXFileReference; lastKnownFileType = sourcecode.swift; path = InstanceInclusionCommands.swift; sourceTree = "<group>"; };
		F2000011 /* NamingOrderChainFooter.swift */ = {isa = PBXFileReference; lastKnownFileType = sourcecode.swift; path = NamingOrderChainFooter.swift; sourceTree = "<group>"; };
		F2000018 /* EditorLayoutPreferences.swift */ = {isa = PBXFileReference; lastKnownFileType = sourcecode.swift; path = EditorLayoutPreferences.swift; sourceTree = "<group>"; };
		F2000019 /* StudioPanelSplitView.swift */ = {isa = PBXFileReference; lastKnownFileType = sourcecode.swift; path = StudioPanelSplitView.swift; sourceTree = "<group>"; };
/* End PBXFileReference section */

/* Begin PBXFrameworksBuildPhase section */
		C2000001 /* Frameworks */ = {
			isa = PBXFrameworksBuildPhase;
			buildActionMask = 2147483647;
			files = (
				B2000009 /* VarFontCore in Frameworks */,
			);
			runOnlyForDeploymentPostprocessing = 0;
		};
/* End PBXFrameworksBuildPhase section */

/* Begin PBXGroup section */
		G2000001 = {
			isa = PBXGroup;
			children = (
				F2000001 /* VarFontStudioApp.swift */,
				F2000002 /* EditorViewModel.swift */,
				F2000018 /* EditorLayoutPreferences.swift */,
				F2000012 /* OpenProject.swift */,
				G2000005 /* Views */,
				F2000008 /* Assets.xcassets */,
				G2000003 /* Products */,
			);
			sourceTree = "<group>";
		};
		G2000003 /* Products */ = {
			isa = PBXGroup;
			children = (
				E2000001 /* VarFontStudio.app */,
			);
			name = Products;
			sourceTree = "<group>";
		};
		G2000005 /* Views */ = {
			isa = PBXGroup;
			children = (
				F2000003 /* MainEditorView.swift */,
				F2000013 /* ProjectToolbar.swift */,
				F2000014 /* ProjectDropdownMenu.swift */,
				F2000015 /* ProjectFileSubBar.swift */,
				F2000016 /* ProjectPickerSheet.swift */,
				F2000017 /* WorkspaceDropOverlay.swift */,
				F2000019 /* StudioPanelSplitView.swift */,
				F2000005 /* AxisTreePanel.swift */,
				F2000006 /* InstanceListPanel.swift */,
				F2000007 /* InspectorPanel.swift */,
				F2000009 /* StudioDesign.swift */,
				F2000010 /* InstanceInclusionCommands.swift */,
				F2000011 /* NamingOrderChainFooter.swift */,
			);
			path = Views;
			sourceTree = "<group>";
		};
/* End PBXGroup section */

/* Begin PBXNativeTarget section */
		T2000001 /* VarFontStudio */ = {
			isa = PBXNativeTarget;
			buildConfigurationList = X2000003 /* Build configuration list for PBXNativeTarget "VarFontStudio" */;
			buildPhases = (
				S2000001 /* Sources */,
				C2000001 /* Frameworks */,
				R2000001 /* Resources */,
			);
			buildRules = (
			);
			dependencies = (
			);
			name = VarFontStudio;
			packageProductDependencies = (
				P2000001 /* VarFontCore */,
			);
			productName = VarFontStudio;
			productReference = E2000001 /* VarFontStudio.app */;
			productType = "com.apple.product-type.application";
		};
/* End PBXNativeTarget section */

/* Begin PBXProject section */
		PR200001 /* Project object */ = {
			isa = PBXProject;
			attributes = {
				BuildIndependentTargetsInParallel = 1;
				LastSwiftUpdateCheck = 1500;
				LastUpgradeCheck = 2630;
				TargetAttributes = {
					T2000001 = {
						CreatedOnToolsVersion = 15.0;
					};
				};
			};
			buildConfigurationList = X2000001 /* Build configuration list for PBXProject "VarFontStudio" */;
			developmentRegion = en;
			hasScannedForEncodings = 0;
			knownRegions = (
				en,
				Base,
			);
			mainGroup = G2000001;
			packageReferences = (
				PKG20001 /* XCLocalSwiftPackageReference "../.." */,
			);
			preferredProjectObjectVersion = 77;
			productRefGroup = G2000003 /* Products */;
			projectDirPath = "";
			projectRoot = "";
			targets = (
				T2000001 /* VarFontStudio */,
			);
		};
/* End PBXProject section */

/* Begin PBXResourcesBuildPhase section */
		R2000001 /* Resources */ = {
			isa = PBXResourcesBuildPhase;
			buildActionMask = 2147483647;
			files = (
				B2000008 /* Assets.xcassets in Resources */,
			);
			runOnlyForDeploymentPostprocessing = 0;
		};
/* End PBXResourcesBuildPhase section */

/* Begin PBXSourcesBuildPhase section */
		S2000001 /* Sources */ = {
			isa = PBXSourcesBuildPhase;
			buildActionMask = 2147483647;
			files = (
				B2000001 /* VarFontStudioApp.swift in Sources */,
				B2000002 /* EditorViewModel.swift in Sources */,
				B2000019 /* EditorLayoutPreferences.swift in Sources */,
				B2000013 /* OpenProject.swift in Sources */,
				B2000003 /* MainEditorView.swift in Sources */,
				B2000014 /* ProjectToolbar.swift in Sources */,
				B2000015 /* ProjectDropdownMenu.swift in Sources */,
				B2000016 /* ProjectFileSubBar.swift in Sources */,
				B2000017 /* ProjectPickerSheet.swift in Sources */,
				B2000018 /* WorkspaceDropOverlay.swift in Sources */,
				B2000020 /* StudioPanelSplitView.swift in Sources */,
				B2000005 /* AxisTreePanel.swift in Sources */,
				B2000006 /* InstanceListPanel.swift in Sources */,
				B2000007 /* InspectorPanel.swift in Sources */,
				B2000010 /* StudioDesign.swift in Sources */,
				B2000011 /* InstanceInclusionCommands.swift in Sources */,
				B2000012 /* NamingOrderChainFooter.swift in Sources */,
			);
			runOnlyForDeploymentPostprocessing = 0;
		};
/* End PBXSourcesBuildPhase section */

/* Begin XCBuildConfiguration section */
		XC200001 /* Debug */ = {
			isa = XCBuildConfiguration;
			buildSettings = {
				ALWAYS_SEARCH_USER_PATHS = NO;
				ASSETCATALOG_COMPILER_GENERATE_SWIFT_ASSET_SYMBOL_EXTENSIONS = YES;
				CLANG_ENABLE_MODULES = YES;
				CLANG_ENABLE_OBJC_ARC = YES;
				CLANG_WARN_BLOCK_CAPTURE_AUTORELEASING = YES;
				CLANG_WARN_BOOL_CONVERSION = YES;
				CLANG_WARN_COMMA = YES;
				CLANG_WARN_CONSTANT_CONVERSION = YES;
				CLANG_WARN_DEPRECATED_OBJC_IMPLEMENTATIONS = YES;
				CLANG_WARN_EMPTY_BODY = YES;
				CLANG_WARN_ENUM_CONVERSION = YES;
				CLANG_WARN_INFINITE_RECURSION = YES;
				CLANG_WARN_INT_CONVERSION = YES;
				CLANG_WARN_NON_LITERAL_NULL_CONVERSION = YES;
				CLANG_WARN_OBJC_IMPLICIT_RETAIN_SELF = YES;
				CLANG_WARN_OBJC_LITERAL_CONVERSION = YES;
				CLANG_WARN_QUOTED_INCLUDE_IN_FRAMEWORK_HEADER = YES;
				CLANG_WARN_RANGE_LOOP_ANALYSIS = YES;
				CLANG_WARN_STRICT_PROTOTYPES = YES;
				CLANG_WARN_SUSPICIOUS_MOVE = YES;
				CLANG_WARN_UNREACHABLE_CODE = YES;
				CLANG_WARN__DUPLICATE_METHOD_MATCH = YES;
				COPY_PHASE_STRIP = NO;
				DEAD_CODE_STRIPPING = YES;
				DEBUG_INFORMATION_FORMAT = dwarf;
				ENABLE_STRICT_OBJC_MSGSEND = YES;
				ENABLE_TESTABILITY = YES;
				ENABLE_USER_SCRIPT_SANDBOXING = YES;
				GCC_DYNAMIC_NO_PIC = NO;
				GCC_NO_COMMON_BLOCKS = YES;
				GCC_OPTIMIZATION_LEVEL = 0;
				GCC_PREPROCESSOR_DEFINITIONS = (
					"DEBUG=1",
					"$(inherited)",
				);
				GCC_WARN_64_TO_32_BIT_CONVERSION = YES;
				GCC_WARN_ABOUT_RETURN_TYPE = YES;
				GCC_WARN_UNDECLARED_SELECTOR = YES;
				GCC_WARN_UNINITIALIZED_AUTOS = YES;
				GCC_WARN_UNUSED_FUNCTION = YES;
				GCC_WARN_UNUSED_VARIABLE = YES;
				MACOSX_DEPLOYMENT_TARGET = 14.0;
				ONLY_ACTIVE_ARCH = YES;
				SDKROOT = macosx;
				STRING_CATALOG_GENERATE_SYMBOLS = YES;
				SWIFT_ACTIVE_COMPILATION_CONDITIONS = "DEBUG $(inherited)";
				SWIFT_OPTIMIZATION_LEVEL = "-Onone";
			};
			name = Debug;
		};
		XC200002 /* Release */ = {
			isa = XCBuildConfiguration;
			buildSettings = {
				ALWAYS_SEARCH_USER_PATHS = NO;
				ASSETCATALOG_COMPILER_GENERATE_SWIFT_ASSET_SYMBOL_EXTENSIONS = YES;
				CLANG_ENABLE_MODULES = YES;
				CLANG_ENABLE_OBJC_ARC = YES;
				CLANG_WARN_BLOCK_CAPTURE_AUTORELEASING = YES;
				CLANG_WARN_BOOL_CONVERSION = YES;
				CLANG_WARN_COMMA = YES;
				CLANG_WARN_CONSTANT_CONVERSION = YES;
				CLANG_WARN_DEPRECATED_OBJC_IMPLEMENTATIONS = YES;
				CLANG_WARN_EMPTY_BODY = YES;
				CLANG_WARN_ENUM_CONVERSION = YES;
				CLANG_WARN_INFINITE_RECURSION = YES;
				CLANG_WARN_INT_CONVERSION = YES;
				CLANG_WARN_NON_LITERAL_NULL_CONVERSION = YES;
				CLANG_WARN_OBJC_IMPLICIT_RETAIN_SELF = YES;
				CLANG_WARN_OBJC_LITERAL_CONVERSION = YES;
				CLANG_WARN_QUOTED_INCLUDE_IN_FRAMEWORK_HEADER = YES;
				CLANG_WARN_RANGE_LOOP_ANALYSIS = YES;
				CLANG_WARN_STRICT_PROTOTYPES = YES;
				CLANG_WARN_SUSPICIOUS_MOVE = YES;
				CLANG_WARN_UNREACHABLE_CODE = YES;
				CLANG_WARN__DUPLICATE_METHOD_MATCH = YES;
				COPY_PHASE_STRIP = NO;
				DEAD_CODE_STRIPPING = YES;
				DEBUG_INFORMATION_FORMAT = "dwarf-with-dsym";
				ENABLE_NS_ASSERTIONS = NO;
				ENABLE_STRICT_OBJC_MSGSEND = YES;
				ENABLE_USER_SCRIPT_SANDBOXING = YES;
				GCC_NO_COMMON_BLOCKS = YES;
				GCC_WARN_64_TO_32_BIT_CONVERSION = YES;
				GCC_WARN_ABOUT_RETURN_TYPE = YES;
				GCC_WARN_UNDECLARED_SELECTOR = YES;
				GCC_WARN_UNINITIALIZED_AUTOS = YES;
				GCC_WARN_UNUSED_FUNCTION = YES;
				GCC_WARN_UNUSED_VARIABLE = YES;
				MACOSX_DEPLOYMENT_TARGET = 14.0;
				SDKROOT = macosx;
				STRING_CATALOG_GENERATE_SYMBOLS = YES;
				SWIFT_COMPILATION_MODE = wholemodule;
				SWIFT_OPTIMIZATION_LEVEL = "-O";
			};
			name = Release;
		};
		XC200003 /* Debug */ = {
			isa = XCBuildConfiguration;
			buildSettings = {
				CODE_SIGN_STYLE = Automatic;
				COMBINE_HIDPI_IMAGES = YES;
				CURRENT_PROJECT_VERSION = 1;
				DEAD_CODE_STRIPPING = YES;
				ENABLE_HARDENED_RUNTIME = YES;
				GENERATE_INFOPLIST_FILE = YES;
				INFOPLIST_KEY_CFBundleDisplayName = "VarFont Studio";
				INFOPLIST_KEY_LSApplicationCategoryType = "public.app-category.graphics-design";
				INFOPLIST_KEY_LSMinimumSystemVersion = 14.0;
				INFOPLIST_KEY_NSHumanReadableCopyright = "";
				LD_RUNPATH_SEARCH_PATHS = (
					"$(inherited)",
					"@executable_path/../Frameworks",
				);
				MARKETING_VERSION = 0.1.0;
				PRODUCT_BUNDLE_IDENTIFIER = com.goodfontscripts.VarFontStudio;
				PRODUCT_NAME = "$(TARGET_NAME)";
				SWIFT_EMIT_LOC_STRINGS = YES;
				SWIFT_VERSION = 5.0;
			};
			name = Debug;
		};
		XC200004 /* Release */ = {
			isa = XCBuildConfiguration;
			buildSettings = {
				CODE_SIGN_STYLE = Automatic;
				COMBINE_HIDPI_IMAGES = YES;
				CURRENT_PROJECT_VERSION = 1;
				DEAD_CODE_STRIPPING = YES;
				ENABLE_HARDENED_RUNTIME = YES;
				GENERATE_INFOPLIST_FILE = YES;
				INFOPLIST_KEY_CFBundleDisplayName = "VarFont Studio";
				INFOPLIST_KEY_LSApplicationCategoryType = "public.app-category.graphics-design";
				INFOPLIST_KEY_LSMinimumSystemVersion = 14.0;
				INFOPLIST_KEY_NSHumanReadableCopyright = "";
				LD_RUNPATH_SEARCH_PATHS = (
					"$(inherited)",
					"@executable_path/../Frameworks",
				);
				MARKETING_VERSION = 0.1.0;
				PRODUCT_BUNDLE_IDENTIFIER = com.goodfontscripts.VarFontStudio;
				PRODUCT_NAME = "$(TARGET_NAME)";
				SWIFT_EMIT_LOC_STRINGS = YES;
				SWIFT_VERSION = 5.0;
			};
			name = Release;
		};
/* End XCBuildConfiguration section */

/* Begin XCConfigurationList section */
		X2000001 /* Build configuration list for PBXProject "VarFontStudio" */ = {
			isa = XCConfigurationList;
			buildConfigurations = (
				XC200001 /* Debug */,
				XC200002 /* Release */,
			);
			defaultConfigurationIsVisible = 0;
			defaultConfigurationName = Release;
		};
		X2000003 /* Build configuration list for PBXNativeTarget "VarFontStudio" */ = {
			isa = XCConfigurationList;
			buildConfigurations = (
				XC200003 /* Debug */,
				XC200004 /* Release */,
			);
			defaultConfigurationIsVisible = 0;
			defaultConfigurationName = Release;
		};
/* End XCConfigurationList section */

/* Begin XCLocalSwiftPackageReference section */
		PKG20001 /* XCLocalSwiftPackageReference "../.." */ = {
			isa = XCLocalSwiftPackageReference;
			relativePath = ../..;
		};
/* End XCLocalSwiftPackageReference section */

/* Begin XCSwiftPackageProductDependency section */
		P2000001 /* VarFontCore */ = {
			isa = XCSwiftPackageProductDependency;
			package = PKG20001 /* XCLocalSwiftPackageReference "../.." */;
			productName = VarFontCore;
		};
/* End XCSwiftPackageProductDependency section */
	};
	rootObject = PR200001 /* Project object */;
}
