// !$*UTF8*$!
{
	archiveVersion = 1;
	classes = {
	};
	objectVersion = 77;
	objects = {

/* Begin PBXBuildFile section */
		B2000001 /* VarFontStudioApp.swift in Sources */ = {isa = PBXBuildFile; fileRef = F2000001 /* VarFontStudioApp.swift */; };
		B2000002 /* EditorViewModel.swift in Sources */ = {isa = PBXBuildFile; fileRef = F2000002 /* EditorViewModel.swift */; };
		B2000043 /* SaveReviewStore.swift in Sources */ = {isa = PBXBuildFile; fileRef = F2000043 /* SaveReviewStore.swift */; };
		B2000051 /* SaveReviewStore+Orchestration.swift in Sources */ = {isa = PBXBuildFile; fileRef = F2000051 /* SaveReviewStore+Orchestration.swift */; };
		B2000050 /* SaveReviewHost.swift in Sources */ = {isa = PBXBuildFile; fileRef = F2000050 /* SaveReviewHost.swift */; };
		B2000044 /* IssueResolverStore.swift in Sources */ = {isa = PBXBuildFile; fileRef = F2000044 /* IssueResolverStore.swift */; };
		B2000053 /* IssueResolverStore+Orchestration.swift in Sources */ = {isa = PBXBuildFile; fileRef = F2000053 /* IssueResolverStore+Orchestration.swift */; };
		B2000052 /* IssueResolverHost.swift in Sources */ = {isa = PBXBuildFile; fileRef = F2000052 /* IssueResolverHost.swift */; };
		B2000045 /* InspectorFocusStore.swift in Sources */ = {isa = PBXBuildFile; fileRef = F2000045 /* InspectorFocusStore.swift */; };
		B2000046 /* ProjectWorkspaceStore.swift in Sources */ = {isa = PBXBuildFile; fileRef = F2000046 /* ProjectWorkspaceStore.swift */; };
		B2000047 /* EditorViewModel+SaveReview.swift in Sources */ = {isa = PBXBuildFile; fileRef = F2000047 /* EditorViewModel+SaveReview.swift */; };
		B2000048 /* EditorViewModel+Export.swift in Sources */ = {isa = PBXBuildFile; fileRef = F2000048 /* EditorViewModel+Export.swift */; };
		B2000049 /* EditorViewModel+IssueResolvers.swift in Sources */ = {isa = PBXBuildFile; fileRef = F2000049 /* EditorViewModel+IssueResolvers.swift */; };
		B2000054 /* EditorViewModel+NamingOrder.swift in Sources */ = {isa = PBXBuildFile; fileRef = F2000054 /* EditorViewModel+NamingOrder.swift */; };
		B2000055 /* EditorViewModel+FileClarifiers.swift in Sources */ = {isa = PBXBuildFile; fileRef = F2000055 /* EditorViewModel+FileClarifiers.swift */; };
		B2000056 /* EditorViewModel+Inspector.swift in Sources */ = {isa = PBXBuildFile; fileRef = F2000056 /* EditorViewModel+Inspector.swift */; };
		B2000057 /* EditorViewModel+ProjectIO.swift in Sources */ = {isa = PBXBuildFile; fileRef = F2000057 /* EditorViewModel+ProjectIO.swift */; };
		B2000058 /* EditorViewModel+WorkspaceOps.swift in Sources */ = {isa = PBXBuildFile; fileRef = F2000058 /* EditorViewModel+WorkspaceOps.swift */; };
		B2000059 /* EditorViewModel+ImportHelpers.swift in Sources */ = {isa = PBXBuildFile; fileRef = F2000059 /* EditorViewModel+ImportHelpers.swift */; };
		B2000069 /* EditorViewModel+AxisOrder.swift in Sources */ = {isa = PBXBuildFile; fileRef = F2000069 /* EditorViewModel+AxisOrder.swift */; };
		B2000070 /* StudioSettingsView.swift in Sources */ = {isa = PBXBuildFile; fileRef = F2000070 /* StudioSettingsView.swift */; };
		B2000003 /* MainEditorView.swift in Sources */ = {isa = PBXBuildFile; fileRef = F2000003 /* MainEditorView.swift */; };
		B2000005 /* AxisTreePanel.swift in Sources */ = {isa = PBXBuildFile; fileRef = F2000005 /* AxisTreePanel.swift */; };
		B2000060 /* AxisTreeModels.swift in Sources */ = {isa = PBXBuildFile; fileRef = F2000060 /* AxisTreeModels.swift */; };
		B2000061 /* AxisTreeAxisHeader.swift in Sources */ = {isa = PBXBuildFile; fileRef = F2000061 /* AxisTreeAxisHeader.swift */; };
		B2000062 /* AxisTreeStopViews.swift in Sources */ = {isa = PBXBuildFile; fileRef = F2000062 /* AxisTreeStopViews.swift */; };
		B2000063 /* AxisTreeSheets.swift in Sources */ = {isa = PBXBuildFile; fileRef = F2000063 /* AxisTreeSheets.swift */; };
		B2000064 /* AxisTreeTabKeyMonitor.swift in Sources */ = {isa = PBXBuildFile; fileRef = F2000064 /* AxisTreeTabKeyMonitor.swift */; };
		B2000006 /* InstanceListPanel.swift in Sources */ = {isa = PBXBuildFile; fileRef = F2000006 /* InstanceListPanel.swift */; };
		B2000071 /* NameTablePanel.swift in Sources */ = {isa = PBXBuildFile; fileRef = F2000071 /* NameTablePanel.swift */; };
		B2000072 /* EditorViewModel+WindowsNames.swift in Sources */ = {isa = PBXBuildFile; fileRef = F2000072 /* EditorViewModel+WindowsNames.swift */; };
		B2000007 /* InspectorPanel.swift in Sources */ = {isa = PBXBuildFile; fileRef = F2000007 /* InspectorPanel.swift */; };
		B2000008 /* Assets.xcassets in Resources */ = {isa = PBXBuildFile; fileRef = F2000008 /* Assets.xcassets */; };
		B2000009 /* VarFontCore in Frameworks */ = {isa = PBXBuildFile; productRef = P2000001 /* VarFontCore */; };
		B2000010 /* StudioDesign.swift in Sources */ = {isa = PBXBuildFile; fileRef = F2000009 /* StudioDesign.swift */; };
		B2000011 /* InstanceInclusionCommands.swift in Sources */ = {isa = PBXBuildFile; fileRef = F2000010 /* InstanceInclusionCommands.swift */; };
		B2000012 /* NamingOrderChainFooter.swift in Sources */ = {isa = PBXBuildFile; fileRef = F2000011 /* NamingOrderChainFooter.swift */; };
		B2000013 /* OpenProject.swift in Sources */ = {isa = PBXBuildFile; fileRef = F2000012 /* OpenProject.swift */; };
		B2000014 /* ProjectToolbar.swift in Sources */ = {isa = PBXBuildFile; fileRef = F2000013 /* ProjectToolbar.swift */; };
		B2000016 /* ProjectFileSubBar.swift in Sources */ = {isa = PBXBuildFile; fileRef = F2000015 /* ProjectFileSubBar.swift */; };
		B2000018 /* WorkspaceDropOverlay.swift in Sources */ = {isa = PBXBuildFile; fileRef = F2000017 /* WorkspaceDropOverlay.swift */; };
		B2000019 /* EditorLayoutPreferences.swift in Sources */ = {isa = PBXBuildFile; fileRef = F2000018 /* EditorLayoutPreferences.swift */; };
		B2000020 /* StudioPanelSplitView.swift in Sources */ = {isa = PBXBuildFile; fileRef = F2000019 /* StudioPanelSplitView.swift */; };
		B2000021 /* ProjectTargetPickerSheet.swift in Sources */ = {isa = PBXBuildFile; fileRef = F2000020 /* ProjectTargetPickerSheet.swift */; };
		B2000022 /* WorkspaceDragSession.swift in Sources */ = {isa = PBXBuildFile; fileRef = F2000021 /* WorkspaceDragSession.swift */; };
		B2000023 /* InspectorSupport.swift in Sources */ = {isa = PBXBuildFile; fileRef = F2000022 /* InspectorSupport.swift */; };
		B2000024 /* AxisConflictResolverSheet.swift in Sources */ = {isa = PBXBuildFile; fileRef = F2000023 /* AxisConflictResolverSheet.swift */; };
		B2000025 /* CommitDiffSheet.swift in Sources */ = {isa = PBXBuildFile; fileRef = F2000024 /* CommitDiffSheet.swift */; };
		B2000026 /* CommitPreflightSession.swift in Sources */ = {isa = PBXBuildFile; fileRef = F2000025 /* CommitPreflightSession.swift */; };
		B2000027 /* SourceFontAccess.swift in Sources */ = {isa = PBXBuildFile; fileRef = F2000026 /* SourceFontAccess.swift */; };
		B2000028 /* SaveReviewWindowLifecycle.swift in Sources */ = {isa = PBXBuildFile; fileRef = F2000027 /* SaveReviewWindowLifecycle.swift */; };
		B2000029 /* FileClarifiersBar.swift in Sources */ = {isa = PBXBuildFile; fileRef = F2000028 /* FileClarifiersBar.swift */; };
		B2000030 /* ProjectFileCommands.swift in Sources */ = {isa = PBXBuildFile; fileRef = F2000029 /* ProjectFileCommands.swift */; };
		B2000031 /* PlanIssueResolverSheet.swift in Sources */ = {isa = PBXBuildFile; fileRef = F2000030 /* PlanIssueResolverSheet.swift */; };
		B2000032 /* CombinationStylesSection.swift in Sources */ = {isa = PBXBuildFile; fileRef = F2000031 /* CombinationStylesSection.swift */; };
		B2000033 /* InspectorColumn.swift in Sources */ = {isa = PBXBuildFile; fileRef = F2000032 /* InspectorColumn.swift */; };
		B2000034 /* ProjectInspectorPanel.swift in Sources */ = {isa = PBXBuildFile; fileRef = F2000033 /* ProjectInspectorPanel.swift */; };
		B2000035 /* ProjectScopeHeader.swift in Sources */ = {isa = PBXBuildFile; fileRef = F2000034 /* ProjectScopeHeader.swift */; };
		B2000036 /* ProjectFilesSection.swift in Sources */ = {isa = PBXBuildFile; fileRef = F2000035 /* ProjectFilesSection.swift */; };
		B2000037 /* AxisStopFillControls.swift in Sources */ = {isa = PBXBuildFile; fileRef = F2000036 /* AxisStopFillControls.swift */; };
		B2000038 /* CommitDiffReviewView.swift in Sources */ = {isa = PBXBuildFile; fileRef = F2000037 /* CommitDiffReviewView.swift */; };
		B2000039 /* StudioShortcutsHelpView.swift in Sources */ = {isa = PBXBuildFile; fileRef = F2000038 /* StudioShortcutsHelpView.swift */; };
		B2000040 /* MissingFontsSheet.swift in Sources */ = {isa = PBXBuildFile; fileRef = F2000039 /* MissingFontsSheet.swift */; };
		B2000041 /* VarFontProjectType.swift in Sources */ = {isa = PBXBuildFile; fileRef = F2000040 /* VarFontProjectType.swift */; };
		B2000042 /* StudioAppPreferences.swift in Sources */ = {isa = PBXBuildFile; fileRef = F2000042 /* StudioAppPreferences.swift */; };
		B2000065 /* InspectorFocusStoreTests.swift in Sources */ = {isa = PBXBuildFile; fileRef = F2000065 /* InspectorFocusStoreTests.swift */; };
		B2000066 /* ProjectWorkspaceStoreTests.swift in Sources */ = {isa = PBXBuildFile; fileRef = F2000066 /* ProjectWorkspaceStoreTests.swift */; };
		B2000067 /* IssueResolverStoreTests.swift in Sources */ = {isa = PBXBuildFile; fileRef = F2000067 /* IssueResolverStoreTests.swift */; };
		B2000068 /* SaveReviewStoreTests.swift in Sources */ = {isa = PBXBuildFile; fileRef = F2000068 /* SaveReviewStoreTests.swift */; };
/* End PBXBuildFile section */

/* Begin PBXFileReference section */
		E2000001 /* VarFontStudio.app */ = {isa = PBXFileReference; explicitFileType = wrapper.application; includeInIndex = 0; path = VarFontStudio.app; sourceTree = BUILT_PRODUCTS_DIR; };
		F2000001 /* VarFontStudioApp.swift */ = {isa = PBXFileReference; lastKnownFileType = sourcecode.swift; path = VarFontStudioApp.swift; sourceTree = "<group>"; };
		F2000002 /* EditorViewModel.swift */ = {isa = PBXFileReference; lastKnownFileType = sourcecode.swift; path = EditorViewModel.swift; sourceTree = "<group>"; };
		F2000043 /* SaveReviewStore.swift */ = {isa = PBXFileReference; lastKnownFileType = sourcecode.swift; path = SaveReviewStore.swift; sourceTree = "<group>"; };
		F2000051 /* SaveReviewStore+Orchestration.swift */ = {isa = PBXFileReference; lastKnownFileType = sourcecode.swift; path = "SaveReviewStore+Orchestration.swift"; sourceTree = "<group>"; };
		F2000050 /* SaveReviewHost.swift */ = {isa = PBXFileReference; lastKnownFileType = sourcecode.swift; path = "SaveReviewHost.swift"; sourceTree = "<group>"; };
		F2000044 /* IssueResolverStore.swift */ = {isa = PBXFileReference; lastKnownFileType = sourcecode.swift; path = IssueResolverStore.swift; sourceTree = "<group>"; };
		F2000053 /* IssueResolverStore+Orchestration.swift */ = {isa = PBXFileReference; lastKnownFileType = sourcecode.swift; path = "IssueResolverStore+Orchestration.swift"; sourceTree = "<group>"; };
		F2000052 /* IssueResolverHost.swift */ = {isa = PBXFileReference; lastKnownFileType = sourcecode.swift; path = "IssueResolverHost.swift"; sourceTree = "<group>"; };
		F2000045 /* InspectorFocusStore.swift */ = {isa = PBXFileReference; lastKnownFileType = sourcecode.swift; path = InspectorFocusStore.swift; sourceTree = "<group>"; };
		F2000046 /* ProjectWorkspaceStore.swift */ = {isa = PBXFileReference; lastKnownFileType = sourcecode.swift; path = ProjectWorkspaceStore.swift; sourceTree = "<group>"; };
		F2000047 /* EditorViewModel+SaveReview.swift */ = {isa = PBXFileReference; lastKnownFileType = sourcecode.swift; path = "EditorViewModel+SaveReview.swift"; sourceTree = "<group>"; };
		F2000048 /* EditorViewModel+Export.swift */ = {isa = PBXFileReference; lastKnownFileType = sourcecode.swift; path = "EditorViewModel+Export.swift"; sourceTree = "<group>"; };
		F2000049 /* EditorViewModel+IssueResolvers.swift */ = {isa = PBXFileReference; lastKnownFileType = sourcecode.swift; path = "EditorViewModel+IssueResolvers.swift"; sourceTree = "<group>"; };
		F2000054 /* EditorViewModel+NamingOrder.swift */ = {isa = PBXFileReference; lastKnownFileType = sourcecode.swift; path = "EditorViewModel+NamingOrder.swift"; sourceTree = "<group>"; };
		F2000055 /* EditorViewModel+FileClarifiers.swift */ = {isa = PBXFileReference; lastKnownFileType = sourcecode.swift; path = "EditorViewModel+FileClarifiers.swift"; sourceTree = "<group>"; };
		F2000056 /* EditorViewModel+Inspector.swift */ = {isa = PBXFileReference; lastKnownFileType = sourcecode.swift; path = "EditorViewModel+Inspector.swift"; sourceTree = "<group>"; };
		F2000057 /* EditorViewModel+ProjectIO.swift */ = {isa = PBXFileReference; lastKnownFileType = sourcecode.swift; path = "EditorViewModel+ProjectIO.swift"; sourceTree = "<group>"; };
		F2000058 /* EditorViewModel+WorkspaceOps.swift */ = {isa = PBXFileReference; lastKnownFileType = sourcecode.swift; path = "EditorViewModel+WorkspaceOps.swift"; sourceTree = "<group>"; };
		F2000059 /* EditorViewModel+ImportHelpers.swift */ = {isa = PBXFileReference; lastKnownFileType = sourcecode.swift; path = "EditorViewModel+ImportHelpers.swift"; sourceTree = "<group>"; };
		F2000069 /* EditorViewModel+AxisOrder.swift */ = {isa = PBXFileReference; lastKnownFileType = sourcecode.swift; path = "EditorViewModel+AxisOrder.swift"; sourceTree = "<group>"; };
		F2000070 /* StudioSettingsView.swift */ = {isa = PBXFileReference; lastKnownFileType = sourcecode.swift; path = StudioSettingsView.swift; sourceTree = "<group>"; };
		F2000003 /* MainEditorView.swift */ = {isa = PBXFileReference; lastKnownFileType = sourcecode.swift; path = MainEditorView.swift; sourceTree = "<group>"; };
		F2000005 /* AxisTreePanel.swift */ = {isa = PBXFileReference; lastKnownFileType = sourcecode.swift; path = AxisTreePanel.swift; sourceTree = "<group>"; };
		F2000060 /* AxisTreeModels.swift */ = {isa = PBXFileReference; lastKnownFileType = sourcecode.swift; path = AxisTreeModels.swift; sourceTree = "<group>"; };
		F2000061 /* AxisTreeAxisHeader.swift */ = {isa = PBXFileReference; lastKnownFileType = sourcecode.swift; path = AxisTreeAxisHeader.swift; sourceTree = "<group>"; };
		F2000062 /* AxisTreeStopViews.swift */ = {isa = PBXFileReference; lastKnownFileType = sourcecode.swift; path = AxisTreeStopViews.swift; sourceTree = "<group>"; };
		F2000063 /* AxisTreeSheets.swift */ = {isa = PBXFileReference; lastKnownFileType = sourcecode.swift; path = AxisTreeSheets.swift; sourceTree = "<group>"; };
		F2000064 /* AxisTreeTabKeyMonitor.swift */ = {isa = PBXFileReference; lastKnownFileType = sourcecode.swift; path = AxisTreeTabKeyMonitor.swift; sourceTree = "<group>"; };
		F2000006 /* InstanceListPanel.swift */ = {isa = PBXFileReference; lastKnownFileType = sourcecode.swift; path = InstanceListPanel.swift; sourceTree = "<group>"; };
		F2000071 /* NameTablePanel.swift */ = {isa = PBXFileReference; lastKnownFileType = sourcecode.swift; path = NameTablePanel.swift; sourceTree = "<group>"; };
		F2000072 /* EditorViewModel+WindowsNames.swift */ = {isa = PBXFileReference; lastKnownFileType = sourcecode.swift; path = "EditorViewModel+WindowsNames.swift"; sourceTree = "<group>"; };
		F2000007 /* InspectorPanel.swift */ = {isa = PBXFileReference; lastKnownFileType = sourcecode.swift; path = InspectorPanel.swift; sourceTree = "<group>"; };
		F2000008 /* Assets.xcassets */ = {isa = PBXFileReference; lastKnownFileType = folder.assetcatalog; path = Assets.xcassets; sourceTree = "<group>"; };
		F2000009 /* StudioDesign.swift */ = {isa = PBXFileReference; lastKnownFileType = sourcecode.swift; path = StudioDesign.swift; sourceTree = "<group>"; };
		F2000010 /* InstanceInclusionCommands.swift */ = {isa = PBXFileReference; lastKnownFileType = sourcecode.swift; path = InstanceInclusionCommands.swift; sourceTree = "<group>"; };
		F2000011 /* NamingOrderChainFooter.swift */ = {isa = PBXFileReference; lastKnownFileType = sourcecode.swift; path = NamingOrderChainFooter.swift; sourceTree = "<group>"; };
		F2000012 /* OpenProject.swift */ = {isa = PBXFileReference; lastKnownFileType = sourcecode.swift; path = OpenProject.swift; sourceTree = "<group>"; };
		F2000013 /* ProjectToolbar.swift */ = {isa = PBXFileReference; lastKnownFileType = sourcecode.swift; path = ProjectToolbar.swift; sourceTree = "<group>"; };
		F2000015 /* ProjectFileSubBar.swift */ = {isa = PBXFileReference; lastKnownFileType = sourcecode.swift; path = ProjectFileSubBar.swift; sourceTree = "<group>"; };
		F2000017 /* WorkspaceDropOverlay.swift */ = {isa = PBXFileReference; lastKnownFileType = sourcecode.swift; path = WorkspaceDropOverlay.swift; sourceTree = "<group>"; };
		F2000018 /* EditorLayoutPreferences.swift */ = {isa = PBXFileReference; lastKnownFileType = sourcecode.swift; path = EditorLayoutPreferences.swift; sourceTree = "<group>"; };
		F2000019 /* StudioPanelSplitView.swift */ = {isa = PBXFileReference; lastKnownFileType = sourcecode.swift; path = StudioPanelSplitView.swift; sourceTree = "<group>"; };
		F2000020 /* ProjectTargetPickerSheet.swift */ = {isa = PBXFileReference; lastKnownFileType = sourcecode.swift; path = ProjectTargetPickerSheet.swift; sourceTree = "<group>"; };
		F2000021 /* WorkspaceDragSession.swift */ = {isa = PBXFileReference; lastKnownFileType = sourcecode.swift; path = WorkspaceDragSession.swift; sourceTree = "<group>"; };
		F2000022 /* InspectorSupport.swift */ = {isa = PBXFileReference; lastKnownFileType = sourcecode.swift; path = InspectorSupport.swift; sourceTree = "<group>"; };
		F2000023 /* AxisConflictResolverSheet.swift */ = {isa = PBXFileReference; lastKnownFileType = sourcecode.swift; path = AxisConflictResolverSheet.swift; sourceTree = "<group>"; };
		F2000024 /* CommitDiffSheet.swift */ = {isa = PBXFileReference; lastKnownFileType = sourcecode.swift; path = CommitDiffSheet.swift; sourceTree = "<group>"; };
		F2000025 /* CommitPreflightSession.swift */ = {isa = PBXFileReference; lastKnownFileType = sourcecode.swift; path = CommitPreflightSession.swift; sourceTree = "<group>"; };
		F2000026 /* SourceFontAccess.swift */ = {isa = PBXFileReference; lastKnownFileType = sourcecode.swift; path = SourceFontAccess.swift; sourceTree = "<group>"; };
		F2000027 /* SaveReviewWindowLifecycle.swift */ = {isa = PBXFileReference; lastKnownFileType = sourcecode.swift; path = SaveReviewWindowLifecycle.swift; sourceTree = "<group>"; };
		F2000028 /* FileClarifiersBar.swift */ = {isa = PBXFileReference; lastKnownFileType = sourcecode.swift; path = FileClarifiersBar.swift; sourceTree = "<group>"; };
		F2000029 /* ProjectFileCommands.swift */ = {isa = PBXFileReference; lastKnownFileType = sourcecode.swift; path = ProjectFileCommands.swift; sourceTree = "<group>"; };
		F2000030 /* PlanIssueResolverSheet.swift */ = {isa = PBXFileReference; lastKnownFileType = sourcecode.swift; path = PlanIssueResolverSheet.swift; sourceTree = "<group>"; };
		F2000031 /* CombinationStylesSection.swift */ = {isa = PBXFileReference; lastKnownFileType = sourcecode.swift; path = CombinationStylesSection.swift; sourceTree = "<group>"; };
		F2000032 /* InspectorColumn.swift */ = {isa = PBXFileReference; lastKnownFileType = sourcecode.swift; path = InspectorColumn.swift; sourceTree = "<group>"; };
		F2000033 /* ProjectInspectorPanel.swift */ = {isa = PBXFileReference; lastKnownFileType = sourcecode.swift; path = ProjectInspectorPanel.swift; sourceTree = "<group>"; };
		F2000034 /* ProjectScopeHeader.swift */ = {isa = PBXFileReference; lastKnownFileType = sourcecode.swift; path = ProjectScopeHeader.swift; sourceTree = "<group>"; };
		F2000035 /* ProjectFilesSection.swift */ = {isa = PBXFileReference; lastKnownFileType = sourcecode.swift; path = ProjectFilesSection.swift; sourceTree = "<group>"; };
		F2000036 /* AxisStopFillControls.swift */ = {isa = PBXFileReference; lastKnownFileType = sourcecode.swift; path = AxisStopFillControls.swift; sourceTree = "<group>"; };
		F2000037 /* CommitDiffReviewView.swift */ = {isa = PBXFileReference; lastKnownFileType = sourcecode.swift; path = CommitDiffReviewView.swift; sourceTree = "<group>"; };
		F2000038 /* StudioShortcutsHelpView.swift */ = {isa = PBXFileReference; lastKnownFileType = sourcecode.swift; path = StudioShortcutsHelpView.swift; sourceTree = "<group>"; };
		F2000039 /* MissingFontsSheet.swift */ = {isa = PBXFileReference; lastKnownFileType = sourcecode.swift; path = MissingFontsSheet.swift; sourceTree = "<group>"; };
		F2000040 /* VarFontProjectType.swift */ = {isa = PBXFileReference; lastKnownFileType = sourcecode.swift; path = VarFontProjectType.swift; sourceTree = "<group>"; };
		F2000042 /* StudioAppPreferences.swift */ = {isa = PBXFileReference; lastKnownFileType = sourcecode.swift; path = StudioAppPreferences.swift; sourceTree = "<group>"; };
		F2000041 /* Info.plist */ = {isa = PBXFileReference; lastKnownFileType = text.plist.xml; path = Info.plist; sourceTree = "<group>"; };
		E2000002 /* VarFontStudioTests.xctest */ = {isa = PBXFileReference; explicitFileType = wrapper.cfbundle; includeInIndex = 0; path = VarFontStudioTests.xctest; sourceTree = BUILT_PRODUCTS_DIR; };
		F2000065 /* InspectorFocusStoreTests.swift */ = {isa = PBXFileReference; lastKnownFileType = sourcecode.swift; path = InspectorFocusStoreTests.swift; sourceTree = "<group>"; };
		F2000066 /* ProjectWorkspaceStoreTests.swift */ = {isa = PBXFileReference; lastKnownFileType = sourcecode.swift; path = ProjectWorkspaceStoreTests.swift; sourceTree = "<group>"; };
		F2000067 /* IssueResolverStoreTests.swift */ = {isa = PBXFileReference; lastKnownFileType = sourcecode.swift; path = IssueResolverStoreTests.swift; sourceTree = "<group>"; };
		F2000068 /* SaveReviewStoreTests.swift */ = {isa = PBXFileReference; lastKnownFileType = sourcecode.swift; path = SaveReviewStoreTests.swift; sourceTree = "<group>"; };
/* End PBXFileReference section */

/* Begin PBXContainerItemProxy section */
		XP200001 /* PBXContainerItemProxy */ = {
			isa = PBXContainerItemProxy;
			containerPortal = PR200001 /* Project object */;
			proxyType = 1;
			remoteGlobalIDString = T2000001;
			remoteInfo = VarFontStudio;
		};
/* End PBXContainerItemProxy section */

/* Begin PBXFrameworksBuildPhase section */
		C2000001 /* Frameworks */ = {
			isa = PBXFrameworksBuildPhase;
			buildActionMask = 2147483647;
			files = (
				B2000009 /* VarFontCore in Frameworks */,
			);
			runOnlyForDeploymentPostprocessing = 0;
		};
		C2000002 /* Frameworks */ = {
			isa = PBXFrameworksBuildPhase;
			buildActionMask = 2147483647;
			files = (
			);
			runOnlyForDeploymentPostprocessing = 0;
		};
/* End PBXFrameworksBuildPhase section */

/* Begin PBXGroup section */
		G2000001 = {
			isa = PBXGroup;
			children = (
				F2000001 /* VarFontStudioApp.swift */,
				F2000002 /* EditorViewModel.swift */,
				F2000043 /* SaveReviewStore.swift */,
				F2000051 /* SaveReviewStore+Orchestration.swift */,
				F2000050 /* SaveReviewHost.swift */,
				F2000044 /* IssueResolverStore.swift */,
				F2000053 /* IssueResolverStore+Orchestration.swift */,
				F2000052 /* IssueResolverHost.swift */,
				F2000045 /* InspectorFocusStore.swift */,
				F2000046 /* ProjectWorkspaceStore.swift */,
				F2000047 /* EditorViewModel+SaveReview.swift */,
				F2000048 /* EditorViewModel+Export.swift */,
				F2000049 /* EditorViewModel+IssueResolvers.swift */,
				F2000054 /* EditorViewModel+NamingOrder.swift */,
				F2000055 /* EditorViewModel+FileClarifiers.swift */,
				F2000072 /* EditorViewModel+WindowsNames.swift */,
				F2000056 /* EditorViewModel+Inspector.swift */,
				F2000057 /* EditorViewModel+ProjectIO.swift */,
				F2000058 /* EditorViewModel+WorkspaceOps.swift */,
				F2000059 /* EditorViewModel+ImportHelpers.swift */,
				F2000069 /* EditorViewModel+AxisOrder.swift */,
				F2000025 /* CommitPreflightSession.swift */,
				F2000026 /* SourceFontAccess.swift */,
				F2000027 /* SaveReviewWindowLifecycle.swift */,
				F2000022 /* InspectorSupport.swift */,
				F2000018 /* EditorLayoutPreferences.swift */,
				F2000042 /* StudioAppPreferences.swift */,
				F2000012 /* OpenProject.swift */,
				F2000040 /* VarFontProjectType.swift */,
				F2000041 /* Info.plist */,
				F2000021 /* WorkspaceDragSession.swift */,
				G2000005 /* Views */,
				F2000008 /* Assets.xcassets */,
				G2000006 /* VarFontStudioTests */,
				G2000003 /* Products */,
			);
			sourceTree = "<group>";
		};
		G2000003 /* Products */ = {
			isa = PBXGroup;
			children = (
				E2000001 /* VarFontStudio.app */,
				E2000002 /* VarFontStudioTests.xctest */,
			);
			name = Products;
			sourceTree = "<group>";
		};
		G2000005 /* Views */ = {
			isa = PBXGroup;
			children = (
				F2000003 /* MainEditorView.swift */,
				F2000070 /* StudioSettingsView.swift */,
				F2000013 /* ProjectToolbar.swift */,
				F2000015 /* ProjectFileSubBar.swift */,
				F2000029 /* ProjectFileCommands.swift */,
				F2000028 /* FileClarifiersBar.swift */,
				F2000032 /* InspectorColumn.swift */,
				F2000033 /* ProjectInspectorPanel.swift */,
				F2000034 /* ProjectScopeHeader.swift */,
				F2000035 /* ProjectFilesSection.swift */,
				F2000036 /* AxisStopFillControls.swift */,
				F2000020 /* ProjectTargetPickerSheet.swift */,
				F2000017 /* WorkspaceDropOverlay.swift */,
				F2000019 /* StudioPanelSplitView.swift */,
				F2000005 /* AxisTreePanel.swift */,
				F2000060 /* AxisTreeModels.swift */,
				F2000061 /* AxisTreeAxisHeader.swift */,
				F2000062 /* AxisTreeStopViews.swift */,
				F2000063 /* AxisTreeSheets.swift */,
				F2000064 /* AxisTreeTabKeyMonitor.swift */,
				F2000023 /* AxisConflictResolverSheet.swift */,
				F2000030 /* PlanIssueResolverSheet.swift */,
				F2000031 /* CombinationStylesSection.swift */,
				F2000024 /* CommitDiffSheet.swift */,
				F2000037 /* CommitDiffReviewView.swift */,
				F2000038 /* StudioShortcutsHelpView.swift */,
				F2000039 /* MissingFontsSheet.swift */,
				F2000006 /* InstanceListPanel.swift */,
				F2000071 /* NameTablePanel.swift */,
				F2000007 /* InspectorPanel.swift */,
				F2000009 /* StudioDesign.swift */,
				F2000010 /* InstanceInclusionCommands.swift */,
				F2000011 /* NamingOrderChainFooter.swift */,
			);
			path = Views;
			sourceTree = "<group>";
		};
		G2000006 /* VarFontStudioTests */ = {
			isa = PBXGroup;
			children = (
				F2000065 /* InspectorFocusStoreTests.swift */,
				F2000066 /* ProjectWorkspaceStoreTests.swift */,
				F2000067 /* IssueResolverStoreTests.swift */,
				F2000068 /* SaveReviewStoreTests.swift */,
			);
			name = VarFontStudioTests;
			path = ../VarFontStudioTests;
			sourceTree = "<group>";
		};
/* End PBXGroup section */

/* Begin PBXNativeTarget section */
		T2000001 /* VarFontStudio */ = {
			isa = PBXNativeTarget;
			buildConfigurationList = X2000003 /* Build configuration list for PBXNativeTarget "VarFontStudio" */;
			buildPhases = (
				S2000001 /* Sources */,
				C2000001 /* Frameworks */,
				SH200001 /* Bundle vfcommit */,
				R2000001 /* Resources */,
			);
			buildRules = (
			);
			dependencies = (
			);
			name = VarFontStudio;
			packageProductDependencies = (
				P2000001 /* VarFontCore */,
			);
			productName = VarFontStudio;
			productReference = E2000001 /* VarFontStudio.app */;
			productType = "com.apple.product-type.application";
		};
		T2000002 /* VarFontStudioTests */ = {
			isa = PBXNativeTarget;
			buildConfigurationList = X2000004 /* Build configuration list for PBXNativeTarget "VarFontStudioTests" */;
			buildPhases = (
				S2000002 /* Sources */,
				C2000002 /* Frameworks */,
			);
			buildRules = (
			);
			dependencies = (
				D2000001 /* PBXTargetDependency */,
			);
			name = VarFontStudioTests;
			productName = VarFontStudioTests;
			productReference = E2000002 /* VarFontStudioTests.xctest */;
			productType = "com.apple.product-type.bundle.unit-test";
		};
/* End PBXNativeTarget section */

/* Begin PBXProject section */
		PR200001 /* Project object */ = {
			isa = PBXProject;
			attributes = {
				BuildIndependentTargetsInParallel = 1;
				LastSwiftUpdateCheck = 1500;
				LastUpgradeCheck = 2630;
				TargetAttributes = {
					T2000001 = {
						CreatedOnToolsVersion = 15.0;
					};
					T2000002 = {
						CreatedOnToolsVersion = 15.0;
						TestTargetID = T2000001;
					};
				};
			};
			buildConfigurationList = X2000001 /* Build configuration list for PBXProject "VarFontStudio" */;
			developmentRegion = en;
			hasScannedForEncodings = 0;
			knownRegions = (
				en,
				Base,
			);
			mainGroup = G2000001;
			packageReferences = (
				PKG20001 /* XCLocalSwiftPackageReference "../.." */,
			);
			preferredProjectObjectVersion = 77;
			productRefGroup = G2000003 /* Products */;
			projectDirPath = "";
			projectRoot = "";
			targets = (
				T2000001 /* VarFontStudio */,
				T2000002 /* VarFontStudioTests */,
			);
		};
/* End PBXProject section */

/* Begin PBXResourcesBuildPhase section */
		R2000001 /* Resources */ = {
			isa = PBXResourcesBuildPhase;
			buildActionMask = 2147483647;
            files = (
				B2000008 /* Assets.xcassets in Resources */,
			);
			runOnlyForDeploymentPostprocessing = 0;
		};
/* End PBXResourcesBuildPhase section */

/* Begin PBXShellScriptBuildPhase section */
		SH200001 /* Bundle vfcommit */ = {
			isa = PBXShellScriptBuildPhase;
			alwaysOutOfDate = 1;
			buildActionMask = 2147483647;
			files = (
			);
			inputPaths = (
				"$(SRCROOT)/../../Tools/vfcommit",
			);
			name = "Bundle vfcommit";
			outputPaths = (
				"$(TARGET_BUILD_DIR)/$(UNLOCALIZED_RESOURCES_FOLDER_PATH)/vfcommit/vfcommit.py",
				"$(TARGET_BUILD_DIR)/$(UNLOCALIZED_RESOURCES_FOLDER_PATH)/vfcommit/vfcommit_lib",
			);
			runOnlyForDeploymentPostprocessing = 0;
			shellPath = /bin/sh;
			shellScript = "set -e\nVFCOMMIT_SRC=\"${SRCROOT}/../../Tools/vfcommit\"\nVFCOMMIT_DST=\"${TARGET_BUILD_DIR}/${UNLOCALIZED_RESOURCES_FOLDER_PATH}/vfcommit\"\nif [ ! -d \"$VFCOMMIT_SRC\" ]; then\n  echo \"error: vfcommit source missing at $VFCOMMIT_SRC\" >&2\n  exit 1\nfi\nrm -rf \"$VFCOMMIT_DST\"\nmkdir -p \"$(dirname \"$VFCOMMIT_DST\")\"\ncp -R \"$VFCOMMIT_SRC\" \"$VFCOMMIT_DST\"\nfind \"$VFCOMMIT_DST\" -name '__pycache__' -type d -prune -exec rm -rf {} + 2>/dev/null || true\nfind \"$VFCOMMIT_DST\" -name '.DS_Store' -delete 2>/dev/null || true\n";
		};
/* End PBXShellScriptBuildPhase section */

/* Begin PBXSourcesBuildPhase section */
		S2000001 /* Sources */ = {
			isa = PBXSourcesBuildPhase;
			buildActionMask = 2147483647;
			files = (
				B2000001 /* VarFontStudioApp.swift in Sources */,
				B2000002 /* EditorViewModel.swift in Sources */,
				B2000043 /* SaveReviewStore.swift in Sources */,
				B2000051 /* SaveReviewStore+Orchestration.swift in Sources */,
				B2000050 /* SaveReviewHost.swift in Sources */,
				B2000044 /* IssueResolverStore.swift in Sources */,
				B2000053 /* IssueResolverStore+Orchestration.swift in Sources */,
				B2000052 /* IssueResolverHost.swift in Sources */,
				B2000045 /* InspectorFocusStore.swift in Sources */,
				B2000046 /* ProjectWorkspaceStore.swift in Sources */,
				B2000047 /* EditorViewModel+SaveReview.swift in Sources */,
				B2000048 /* EditorViewModel+Export.swift in Sources */,
				B2000049 /* EditorViewModel+IssueResolvers.swift in Sources */,
				B2000054 /* EditorViewModel+NamingOrder.swift in Sources */,
				B2000055 /* EditorViewModel+FileClarifiers.swift in Sources */,
				B2000056 /* EditorViewModel+Inspector.swift in Sources */,
				B2000057 /* EditorViewModel+ProjectIO.swift in Sources */,
				B2000058 /* EditorViewModel+WorkspaceOps.swift in Sources */,
				B2000059 /* EditorViewModel+ImportHelpers.swift in Sources */,
				B2000069 /* EditorViewModel+AxisOrder.swift in Sources */,
				B2000070 /* StudioSettingsView.swift in Sources */,
				B2000023 /* InspectorSupport.swift in Sources */,
				B2000019 /* EditorLayoutPreferences.swift in Sources */,
				B2000013 /* OpenProject.swift in Sources */,
				B2000022 /* WorkspaceDragSession.swift in Sources */,
				B2000003 /* MainEditorView.swift in Sources */,
				B2000014 /* ProjectToolbar.swift in Sources */,
				B2000016 /* ProjectFileSubBar.swift in Sources */,
				B2000021 /* ProjectTargetPickerSheet.swift in Sources */,
				B2000018 /* WorkspaceDropOverlay.swift in Sources */,
				B2000020 /* StudioPanelSplitView.swift in Sources */,
				B2000005 /* AxisTreePanel.swift in Sources */,
				B2000060 /* AxisTreeModels.swift in Sources */,
				B2000061 /* AxisTreeAxisHeader.swift in Sources */,
				B2000062 /* AxisTreeStopViews.swift in Sources */,
				B2000063 /* AxisTreeSheets.swift in Sources */,
				B2000064 /* AxisTreeTabKeyMonitor.swift in Sources */,
				B2000024 /* AxisConflictResolverSheet.swift in Sources */,
				B2000031 /* PlanIssueResolverSheet.swift in Sources */,
				B2000032 /* CombinationStylesSection.swift in Sources */,
				B2000033 /* InspectorColumn.swift in Sources */,
				B2000034 /* ProjectInspectorPanel.swift in Sources */,
				B2000035 /* ProjectScopeHeader.swift in Sources */,
				B2000036 /* ProjectFilesSection.swift in Sources */,
				B2000037 /* AxisStopFillControls.swift in Sources */,
				B2000038 /* CommitDiffReviewView.swift in Sources */,
				B2000039 /* StudioShortcutsHelpView.swift in Sources */,
				B2000040 /* MissingFontsSheet.swift in Sources */,
				B2000041 /* VarFontProjectType.swift in Sources */,
				B2000042 /* StudioAppPreferences.swift in Sources */,
				B2000025 /* CommitDiffSheet.swift in Sources */,
				B2000026 /* CommitPreflightSession.swift in Sources */,
				B2000027 /* SourceFontAccess.swift in Sources */,
				B2000028 /* SaveReviewWindowLifecycle.swift in Sources */,
				B2000029 /* FileClarifiersBar.swift in Sources */,
				B2000030 /* ProjectFileCommands.swift in Sources */,
				B2000006 /* InstanceListPanel.swift in Sources */,
				B2000071 /* NameTablePanel.swift in Sources */,
				B2000072 /* EditorViewModel+WindowsNames.swift in Sources */,
				B2000007 /* InspectorPanel.swift in Sources */,
				B2000010 /* StudioDesign.swift in Sources */,
				B2000011 /* InstanceInclusionCommands.swift in Sources */,
				B2000012 /* NamingOrderChainFooter.swift in Sources */,
			);
			runOnlyForDeploymentPostprocessing = 0;
		};
		S2000002 /* Sources */ = {
			isa = PBXSourcesBuildPhase;
			buildActionMask = 2147483647;
			files = (
				B2000065 /* InspectorFocusStoreTests.swift in Sources */,
				B2000066 /* ProjectWorkspaceStoreTests.swift in Sources */,
				B2000067 /* IssueResolverStoreTests.swift in Sources */,
				B2000068 /* SaveReviewStoreTests.swift in Sources */,
			);
			runOnlyForDeploymentPostprocessing = 0;
		};
/* End PBXSourcesBuildPhase section */

/* Begin PBXTargetDependency section */
		D2000001 /* PBXTargetDependency */ = {
			isa = PBXTargetDependency;
			target = T2000001 /* VarFontStudio */;
			targetProxy = XP200001 /* PBXContainerItemProxy */;
		};
/* End PBXTargetDependency section */

/* Begin XCBuildConfiguration section */
		XC200001 /* Debug */ = {
			isa = XCBuildConfiguration;
			buildSettings = {
				ALWAYS_SEARCH_USER_PATHS = NO;
				ASSETCATALOG_COMPILER_GENERATE_SWIFT_ASSET_SYMBOL_EXTENSIONS = YES;
				CLANG_ENABLE_MODULES = YES;
				CLANG_ENABLE_OBJC_ARC = YES;
				CLANG_WARN_BLOCK_CAPTURE_AUTORELEASING = YES;
				CLANG_WARN_BOOL_CONVERSION = YES;
				CLANG_WARN_COMMA = YES;
				CLANG_WARN_CONSTANT_CONVERSION = YES;
				CLANG_WARN_DEPRECATED_OBJC_IMPLEMENTATIONS = YES;
				CLANG_WARN_EMPTY_BODY = YES;
				CLANG_WARN_ENUM_CONVERSION = YES;
				CLANG_WARN_INFINITE_RECURSION = YES;
				CLANG_WARN_INT_CONVERSION = YES;
				CLANG_WARN_NON_LITERAL_NULL_CONVERSION = YES;
				CLANG_WARN_OBJC_IMPLICIT_RETAIN_SELF = YES;
				CLANG_WARN_OBJC_LITERAL_CONVERSION = YES;
				CLANG_WARN_QUOTED_INCLUDE_IN_FRAMEWORK_HEADER = YES;
				CLANG_WARN_RANGE_LOOP_ANALYSIS = YES;
				CLANG_WARN_STRICT_PROTOTYPES = YES;
				CLANG_WARN_SUSPICIOUS_MOVE = YES;
				CLANG_WARN_UNREACHABLE_CODE = YES;
				CLANG_WARN__DUPLICATE_METHOD_MATCH = YES;
				COPY_PHASE_STRIP = NO;
				DEAD_CODE_STRIPPING = YES;
				DEBUG_INFORMATION_FORMAT = dwarf;
				ENABLE_STRICT_OBJC_MSGSEND = YES;
				ENABLE_TESTABILITY = YES;
				ENABLE_USER_SCRIPT_SANDBOXING = YES;
				GCC_DYNAMIC_NO_PIC = NO;
				GCC_NO_COMMON_BLOCKS = YES;
				GCC_OPTIMIZATION_LEVEL = 0;
				GCC_PREPROCESSOR_DEFINITIONS = (
					"DEBUG=1",
					"$(inherited)",
				);
				GCC_WARN_64_TO_32_BIT_CONVERSION = YES;
				GCC_WARN_ABOUT_RETURN_TYPE = YES;
				GCC_WARN_UNDECLARED_SELECTOR = YES;
				GCC_WARN_UNINITIALIZED_AUTOS = YES;
				GCC_WARN_UNUSED_FUNCTION = YES;
				GCC_WARN_UNUSED_VARIABLE = YES;
				MACOSX_DEPLOYMENT_TARGET = 14.0;
				ONLY_ACTIVE_ARCH = YES;
				SDKROOT = macosx;
				STRING_CATALOG_GENERATE_SYMBOLS = YES;
				SWIFT_ACTIVE_COMPILATION_CONDITIONS = "DEBUG $(inherited)";
				SWIFT_OPTIMIZATION_LEVEL = "-Onone";
			};
			name = Debug;
		};
		XC200002 /* Release */ = {
			isa = XCBuildConfiguration;
			buildSettings = {
				ALWAYS_SEARCH_USER_PATHS = NO;
				ASSETCATALOG_COMPILER_GENERATE_SWIFT_ASSET_SYMBOL_EXTENSIONS = YES;
				CLANG_ENABLE_MODULES = YES;
				CLANG_ENABLE_OBJC_ARC = YES;
				CLANG_WARN_BLOCK_CAPTURE_AUTORELEASING = YES;
				CLANG_WARN_BOOL_CONVERSION = YES;
				CLANG_WARN_COMMA = YES;
				CLANG_WARN_CONSTANT_CONVERSION = YES;
				CLANG_WARN_DEPRECATED_OBJC_IMPLEMENTATIONS = YES;
				CLANG_WARN_EMPTY_BODY = YES;
				CLANG_WARN_ENUM_CONVERSION = YES;
				CLANG_WARN_INFINITE_RECURSION = YES;
				CLANG_WARN_INT_CONVERSION = YES;
				CLANG_WARN_NON_LITERAL_NULL_CONVERSION = YES;
				CLANG_WARN_OBJC_IMPLICIT_RETAIN_SELF = YES;
				CLANG_WARN_OBJC_LITERAL_CONVERSION = YES;
				CLANG_WARN_QUOTED_INCLUDE_IN_FRAMEWORK_HEADER = YES;
				CLANG_WARN_RANGE_LOOP_ANALYSIS = YES;
				CLANG_WARN_STRICT_PROTOTYPES = YES;
				CLANG_WARN_SUSPICIOUS_MOVE = YES;
				CLANG_WARN_UNREACHABLE_CODE = YES;
				CLANG_WARN__DUPLICATE_METHOD_MATCH = YES;
				COPY_PHASE_STRIP = NO;
				DEAD_CODE_STRIPPING = YES;
				DEBUG_INFORMATION_FORMAT = "dwarf-with-dsym";
				ENABLE_NS_ASSERTIONS = NO;
				ENABLE_STRICT_OBJC_MSGSEND = YES;
				ENABLE_USER_SCRIPT_SANDBOXING = YES;
				GCC_NO_COMMON_BLOCKS = YES;
				GCC_WARN_64_TO_32_BIT_CONVERSION = YES;
				GCC_WARN_ABOUT_RETURN_TYPE = YES;
				GCC_WARN_UNDECLARED_SELECTOR = YES;
				GCC_WARN_UNINITIALIZED_AUTOS = YES;
				GCC_WARN_UNUSED_FUNCTION = YES;
				GCC_WARN_UNUSED_VARIABLE = YES;
				MACOSX_DEPLOYMENT_TARGET = 14.0;
				SDKROOT = macosx;
				STRING_CATALOG_GENERATE_SYMBOLS = YES;
				SWIFT_COMPILATION_MODE = wholemodule;
				SWIFT_OPTIMIZATION_LEVEL = "-O";
			};
			name = Release;
		};
		XC200003 /* Debug */ = {
			isa = XCBuildConfiguration;
			buildSettings = {
				ASSETCATALOG_COMPILER_APPICON_NAME = AppIcon;
				CODE_SIGN_STYLE = Automatic;
				ENABLE_TESTABILITY = YES;
				COMBINE_HIDPI_IMAGES = YES;
				CURRENT_PROJECT_VERSION = 4;
				DEAD_CODE_STRIPPING = YES;
				ENABLE_HARDENED_RUNTIME = YES;
				ENABLE_USER_SCRIPT_SANDBOXING = NO;
				GENERATE_INFOPLIST_FILE = YES;
				INFOPLIST_FILE = Info.plist;
				INFOPLIST_KEY_CFBundleDisplayName = "VarFont Studio";
				INFOPLIST_KEY_LSApplicationCategoryType = "public.app-category.graphics-design";
				INFOPLIST_KEY_LSMinimumSystemVersion = 14.0;
				INFOPLIST_KEY_NSHumanReadableCopyright = "";
				LD_RUNPATH_SEARCH_PATHS = (
					"$(inherited)",
					"@executable_path/../Frameworks",
				);
				MARKETING_VERSION = 0.1.3;
				PRODUCT_BUNDLE_IDENTIFIER = com.goodfontscripts.VarFontStudio;
				PRODUCT_NAME = "$(TARGET_NAME)";
				SWIFT_EMIT_LOC_STRINGS = YES;
				SWIFT_VERSION = 5.0;
			};
			name = Debug;
		};
		XC200004 /* Release */ = {
			isa = XCBuildConfiguration;
			buildSettings = {
				ASSETCATALOG_COMPILER_APPICON_NAME = AppIcon;
				CODE_SIGN_STYLE = Automatic;
				COMBINE_HIDPI_IMAGES = YES;
				CURRENT_PROJECT_VERSION = 4;
				DEAD_CODE_STRIPPING = YES;
				ENABLE_HARDENED_RUNTIME = YES;
				ENABLE_USER_SCRIPT_SANDBOXING = NO;
				GENERATE_INFOPLIST_FILE = YES;
				INFOPLIST_FILE = Info.plist;
				INFOPLIST_KEY_CFBundleDisplayName = "VarFont Studio";
				INFOPLIST_KEY_LSApplicationCategoryType = "public.app-category.graphics-design";
				INFOPLIST_KEY_LSMinimumSystemVersion = 14.0;
				INFOPLIST_KEY_NSHumanReadableCopyright = "";
				LD_RUNPATH_SEARCH_PATHS = (
					"$(inherited)",
					"@executable_path/../Frameworks",
				);
				MARKETING_VERSION = 0.1.3;
				PRODUCT_BUNDLE_IDENTIFIER = com.goodfontscripts.VarFontStudio;
				PRODUCT_NAME = "$(TARGET_NAME)";
				SWIFT_EMIT_LOC_STRINGS = YES;
				SWIFT_VERSION = 5.0;
			};
			name = Release;
		};
		XC200005 /* Debug */ = {
			isa = XCBuildConfiguration;
			buildSettings = {
				BUNDLE_LOADER = "$(TEST_HOST)";
				CODE_SIGN_STYLE = Automatic;
				CURRENT_PROJECT_VERSION = 1;
				GENERATE_INFOPLIST_FILE = YES;
				MACOSX_DEPLOYMENT_TARGET = 14.0;
				MARKETING_VERSION = 1.0;
				PRODUCT_BUNDLE_IDENTIFIER = com.goodfontscripts.VarFontStudioTests;
				PRODUCT_NAME = "$(TARGET_NAME)";
				SWIFT_EMIT_LOC_STRINGS = NO;
				SWIFT_VERSION = 5.0;
				TEST_HOST = "$(BUILT_PRODUCTS_DIR)/VarFontStudio.app/Contents/MacOS/VarFontStudio";
			};
			name = Debug;
		};
		XC200006 /* Release */ = {
			isa = XCBuildConfiguration;
			buildSettings = {
				BUNDLE_LOADER = "$(TEST_HOST)";
				CODE_SIGN_STYLE = Automatic;
				CURRENT_PROJECT_VERSION = 1;
				GENERATE_INFOPLIST_FILE = YES;
				MACOSX_DEPLOYMENT_TARGET = 14.0;
				MARKETING_VERSION = 1.0;
				PRODUCT_BUNDLE_IDENTIFIER = com.goodfontscripts.VarFontStudioTests;
				PRODUCT_NAME = "$(TARGET_NAME)";
				SWIFT_EMIT_LOC_STRINGS = NO;
				SWIFT_VERSION = 5.0;
				TEST_HOST = "$(BUILT_PRODUCTS_DIR)/VarFontStudio.app/Contents/MacOS/VarFontStudio";
			};
			name = Release;
		};
/* End XCBuildConfiguration section */

/* Begin XCConfigurationList section */
		X2000001 /* Build configuration list for PBXProject "VarFontStudio" */ = {
			isa = XCConfigurationList;
			buildConfigurations = (
				XC200001 /* Debug */,
				XC200002 /* Release */,
			);
			defaultConfigurationIsVisible = 0;
			defaultConfigurationName = Debug;
		};
		X2000003 /* Build configuration list for PBXNativeTarget "VarFontStudio" */ = {
			isa = XCConfigurationList;
			buildConfigurations = (
				XC200003 /* Debug */,
				XC200004 /* Release */,
			);
			defaultConfigurationIsVisible = 0;
			defaultConfigurationName = Debug;
		};
		X2000004 /* Build configuration list for PBXNativeTarget "VarFontStudioTests" */ = {
			isa = XCConfigurationList;
			buildConfigurations = (
				XC200005 /* Debug */,
				XC200006 /* Release */,
			);
			defaultConfigurationIsVisible = 0;
			defaultConfigurationName = Debug;
		};
/* End XCConfigurationList section */

/* Begin XCLocalSwiftPackageReference section */
		PKG20001 /* XCLocalSwiftPackageReference "../.." */ = {
			isa = XCLocalSwiftPackageReference;
			relativePath = ../..;
		};
/* End XCLocalSwiftPackageReference section */

/* Begin XCSwiftPackageProductDependency section */
		P2000001 /* VarFontCore */ = {
			isa = XCSwiftPackageProductDependency;
			package = PKG20001 /* XCLocalSwiftPackageReference "../.." */;
			productName = VarFontCore;
		};
/* End XCSwiftPackageProductDependency section */
	};
	rootObject = PR200001 /* Project object */;
}
